
Microsoft Visual Studio Solution File, Format Version 12.00
# Visual Studio 14
VisualStudioVersion = 14.0.25420.1
MinimumVisualStudioVersion = 10.0.40219.1
Project("{8BC9CEB8-8B4A-11D0-8D11-00A0C91BC942}") = "world_class", "world_class.vcxproj", "{F8C10504-1F11-48B7-BB8F-513A51594147}"
EndProject
Project("{8BC9CEB8-8B4A-11D0-8D11-00A0C91BC942}") = "test", "test.vcxproj", "{3B395DE6-F56B-45E2-A48B-44E0F018DD2F}"
	ProjectSection(ProjectDependencies) = postProject
		{F8C10504-1F11-48B7-BB8F-513A51594147} = {F8C10504-1F11-48B7-BB8F-513A51594147}
	EndProjectSection
EndProject
Global
	GlobalSection(SolutionConfigurationPlatforms) = preSolution
		Debug|x64 = Debug|x64
		Debug|x86 = Debug|x86
		Release|x64 = Release|x64
		Release|x86 = Release|x86
	EndGlobalSection
	GlobalSection(ProjectConfigurationPlatforms) = postSolution
		{F8C10504-1F11-48B7-BB8F-513A51594147}.Debug|x64.ActiveCfg = Debug|x64
		{F8C10504-1F11-48B7-BB8F-513A51594147}.Debug|x64.Build.0 = Debug|x64
		{F8C10504-1F11-48B7-BB8F-513A51594147}.Debug|x86.ActiveCfg = Debug|Win32
		{F8C10504-1F11-48B7-BB8F-513A51594147}.Debug|x86.Build.0 = Debug|Win32
		{F8C10504-1F11-48B7-BB8F-513A51594147}.Release|x64.ActiveCfg = Release|x64
		{F8C10504-1F11-48B7-BB8F-513A51594147}.Release|x64.Build.0 = Release|x64
		{F8C10504-1F11-48B7-BB8F-513A51594147}.Release|x86.ActiveCfg = Release|Win32
		{F8C10504-1F11-48B7-BB8F-513A51594147}.Release|x86.Build.0 = Release|Win32
		{3B395DE6-F56B-45E2-A48B-44E0F018DD2F}.Debug|x64.ActiveCfg = Debug|x64
		{3B395DE6-F56B-45E2-A48B-44E0F018DD2F}.Debug|x64.Build.0 = Debug|x64
		{3B395DE6-F56B-45E2-A48B-44E0F018DD2F}.Debug|x86.ActiveCfg = Debug|Win32
		{3B395DE6-F56B-45E2-A48B-44E0F018DD2F}.Debug|x86.Build.0 = Debug|Win32
		{3B395DE6-F56B-45E2-A48B-44E0F018DD2F}.Release|x64.ActiveCfg = Release|x64
		{3B395DE6-F56B-45E2-A48B-44E0F018DD2F}.Release|x64.Build.0 = Release|x64
		{3B395DE6-F56B-45E2-A48B-44E0F018DD2F}.Release|x86.ActiveCfg = Release|Win32
		{3B395DE6-F56B-45E2-A48B-44E0F018DD2F}.Release|x86.Build.0 = Release|Win32
	EndGlobalSection
	GlobalSection(SolutionProperties) = preSolution
		HideSolutionNode = FALSE
	EndGlobalSection
EndGlobal
